
Microsoft Visual Studio Solution File, Format Version 12.00
# Visual Studio Version 17
VisualStudioVersion = 17.4.33205.214
MinimumVisualStudioVersion = 10.0.40219.1
Project("{8BC9CEB8-8B4A-11D0-8D11-00A0C91BC942}") = "学生成绩管理系统", "学生成绩管理系统.vcxproj", "{A32B16A8-EFA9-40FD-981B-D178C78C5DF6}"
EndProject
Global
	GlobalSection(SolutionConfigurationPlatforms) = preSolution
		Debug|x64 = Debug|x64
		Debug|x86 = Debug|x86
		Release|x64 = Release|x64
		Release|x86 = Release|x86
	EndGlobalSection
	GlobalSection(ProjectConfigurationPlatforms) = postSolution
		{A32B16A8-EFA9-40FD-981B-D178C78C5DF6}.Debug|x64.ActiveCfg = Debug|x64
		{A32B16A8-EFA9-40FD-981B-D178C78C5DF6}.Debug|x64.Build.0 = Debug|x64
		{A32B16A8-EFA9-40FD-981B-D178C78C5DF6}.Debug|x86.ActiveCfg = Debug|Win32
		{A32B16A8-EFA9-40FD-981B-D178C78C5DF6}.Debug|x86.Build.0 = Debug|Win32
		{A32B16A8-EFA9-40FD-981B-D178C78C5DF6}.Release|x64.ActiveCfg = Release|x64
		{A32B16A8-EFA9-40FD-981B-D178C78C5DF6}.Release|x64.Build.0 = Release|x64
		{A32B16A8-EFA9-40FD-981B-D178C78C5DF6}.Release|x86.ActiveCfg = Release|Win32
		{A32B16A8-EFA9-40FD-981B-D178C78C5DF6}.Release|x86.Build.0 = Release|Win32
	EndGlobalSection
	GlobalSection(SolutionProperties) = preSolution
		HideSolutionNode = FALSE
	EndGlobalSection
	GlobalSection(ExtensibilityGlobals) = postSolution
		SolutionGuid = {43D3CA22-2F9D-45BA-9962-5CF8FE3FCEA0}
	EndGlobalSection
EndGlobal
